{
  "requires": true,
  "lockfileVersion": 1,
  "dependencies": {
    "asciinema-player": {
      "version": "2.6.1",
      "resolved": "https://registry.npmjs.org/asciinema-player/-/asciinema-player-2.6.1.tgz",
      "integrity": "sha512-W6nW8+X/Krw6aRXQG45qvOZA4g765zbtjoBbjkQl1R7RLPihT00iqMHuHQYbNC1lhFg8x3MkE9ZhOELgSJQX6g=="
    }
  }
}
