{
  "requires": true,
  "lockfileVersion": 1,
  "dependencies": {
    "@aws-crypto/sha256-js": {
      "version": "1.2.2",
      "resolved": "https://registry.npmmirror.com/@aws-crypto/sha256-js/download/@aws-crypto/sha256-js-1.2.2.tgz",
      "integrity": "sha1-AqzRof2pKJb8WijsfG4WRkTqMvw=",
      "requires": {
        "@aws-crypto/util": "^1.2.2",
        "@aws-sdk/types": "^3.1.0",
        "tslib": "^1.11.1"
      }
    },
    "@aws-crypto/util": {
      "version": "1.2.2",
      "resolved": "https://registry.npmmirror.com/@aws-crypto/util/download/@aws-crypto/util-1.2.2.tgz",
      "integrity": "sha1-so94l3MOtlOLIcGL1N4i0OoJADw=",
      "requires": {
        "@aws-sdk/types": "^3.1.0",
        "@aws-sdk/util-utf8-browser": "^3.0.0",
        "tslib": "^1.11.1"
      }
    },
    "@aws-sdk/is-array-buffer": {
      "version": "3.37.0",
      "resolved": "https://registry.npmmirror.com/@aws-sdk/is-array-buffer/download/@aws-sdk/is-array-buffer-3.37.0.tgz",
      "integrity": "sha1-qodhn4FysaKnrI1XMDICXZiubFA=",
      "requires": {
        "tslib": "^2.3.0"
      },
      "dependencies": {
        "tslib": {
          "version": "2.3.1",
          "resolved": "https://registry.nlark.com/tslib/download/tslib-2.3.1.tgz?cache=0&sync_timestamp=1628722580350&other_urls=https%3A%2F%2Fregistry.nlark.com%2Ftslib%2Fdownload%2Ftslib-2.3.1.tgz",
          "integrity": "sha1-6KM1rdXOrlGqJh0ypJAVjvBC7wE="
        }
      }
    },
    "@aws-sdk/signature-v4": {
      "version": "3.38.0",
      "resolved": "https://registry.npmmirror.com/@aws-sdk/signature-v4/download/@aws-sdk/signature-v4-3.38.0.tgz",
      "integrity": "sha1-Ar9OuDn6fkmgTmXeErIkqHDJt4k=",
      "requires": {
        "@aws-sdk/is-array-buffer": "3.37.0",
        "@aws-sdk/types": "3.38.0",
        "@aws-sdk/util-hex-encoding": "3.37.0",
        "@aws-sdk/util-uri-escape": "3.37.0",
        "tslib": "^2.3.0"
      },
      "dependencies": {
        "tslib": {
          "version": "2.3.1",
          "resolved": "https://registry.nlark.com/tslib/download/tslib-2.3.1.tgz?cache=0&sync_timestamp=1628722580350&other_urls=https%3A%2F%2Fregistry.nlark.com%2Ftslib%2Fdownload%2Ftslib-2.3.1.tgz",
          "integrity": "sha1-6KM1rdXOrlGqJh0ypJAVjvBC7wE="
        }
      }
    },
    "@aws-sdk/types": {
      "version": "3.38.0",
      "resolved": "https://registry.npmmirror.com/@aws-sdk/types/download/@aws-sdk/types-3.38.0.tgz",
      "integrity": "sha1-FrPC14US1/GT7bUZ3kbF7wD//Ss="
    },
    "@aws-sdk/util-hex-encoding": {
      "version": "3.37.0",
      "resolved": "https://registry.npmmirror.com/@aws-sdk/util-hex-encoding/download/@aws-sdk/util-hex-encoding-3.37.0.tgz",
      "integrity": "sha1-QM4htf9oLoEemKx0dmku5VrmFJM=",
      "requires": {
        "tslib": "^2.3.0"
      },
      "dependencies": {
        "tslib": {
          "version": "2.3.1",
          "resolved": "https://registry.nlark.com/tslib/download/tslib-2.3.1.tgz?cache=0&sync_timestamp=1628722580350&other_urls=https%3A%2F%2Fregistry.nlark.com%2Ftslib%2Fdownload%2Ftslib-2.3.1.tgz",
          "integrity": "sha1-6KM1rdXOrlGqJh0ypJAVjvBC7wE="
        }
      }
    },
    "@aws-sdk/util-uri-escape": {
      "version": "3.37.0",
      "resolved": "https://registry.npmmirror.com/@aws-sdk/util-uri-escape/download/@aws-sdk/util-uri-escape-3.37.0.tgz",
      "integrity": "sha1-Qrg5OlHcwE8ijnDRyUwv44pziZQ=",
      "requires": {
        "tslib": "^2.3.0"
      },
      "dependencies": {
        "tslib": {
          "version": "2.3.1",
          "resolved": "https://registry.nlark.com/tslib/download/tslib-2.3.1.tgz?cache=0&sync_timestamp=1628722580350&other_urls=https%3A%2F%2Fregistry.nlark.com%2Ftslib%2Fdownload%2Ftslib-2.3.1.tgz",
          "integrity": "sha1-6KM1rdXOrlGqJh0ypJAVjvBC7wE="
        }
      }
    },
    "@aws-sdk/util-utf8-browser": {
      "version": "3.37.0",
      "resolved": "https://registry.npmmirror.com/@aws-sdk/util-utf8-browser/download/@aws-sdk/util-utf8-browser-3.37.0.tgz",
      "integrity": "sha1-2JaJn0xHXO6vi3fF183EU+X+a4M=",
      "requires": {
        "tslib": "^2.3.0"
      },
      "dependencies": {
        "tslib": {
          "version": "2.3.1",
          "resolved": "https://registry.nlark.com/tslib/download/tslib-2.3.1.tgz?cache=0&sync_timestamp=1628722580350&other_urls=https%3A%2F%2Fregistry.nlark.com%2Ftslib%2Fdownload%2Ftslib-2.3.1.tgz",
          "integrity": "sha1-6KM1rdXOrlGqJh0ypJAVjvBC7wE="
        }
      }
    },
    "@types/mime": {
      "version": "2.0.3",
      "resolved": "https://registry.nlark.com/@types/mime/download/@types/mime-2.0.3.tgz",
      "integrity": "sha1-yJO3NyHbc2mZQ7/DZTsd63+qSjo="
    },
    "base64-arraybuffer": {
      "version": "0.2.0",
      "resolved": "https://registry.nlark.com/base64-arraybuffer/download/base64-arraybuffer-0.2.0.tgz",
      "integrity": "sha1-S5RPrAGRqlkHr+LYyZnMxXzoD0U="
    },
    "bootbox": {
      "version": "5.5.2",
      "resolved": "https://registry.nlark.com/bootbox/download/bootbox-5.5.2.tgz",
      "integrity": "sha1-pCAKoD8S/+TQeQWDTp37duUs7gA=",
      "requires": {
        "bootstrap": "^4.4.0",
        "jquery": "^3.5.1",
        "popper.js": "^1.16.0"
      }
    },
    "bootstrap": {
      "version": "4.6.1",
      "resolved": "https://registry.npmmirror.com/bootstrap/download/bootstrap-4.6.1.tgz",
      "integrity": "sha1-vCU4DCwUGSN06N7AfPAbJ0LSIqI="
    },
    "crc-32": {
      "version": "1.2.0",
      "resolved": "https://registry.nlark.com/crc-32/download/crc-32-1.2.0.tgz",
      "integrity": "sha1-yy224puIUI4y2d0OwWk+e0Ghggg=",
      "requires": {
        "exit-on-epipe": "~1.0.1",
        "printj": "~1.1.0"
      }
    },
    "css-line-break": {
      "version": "2.0.1",
      "resolved": "https://registry.npmmirror.com/css-line-break/download/css-line-break-2.0.1.tgz",
      "integrity": "sha1-PcdMLtXrZCEUgCgZMkdXkCQ+czg=",
      "requires": {
        "base64-arraybuffer": "^0.2.0"
      }
    },
    "exit-on-epipe": {
      "version": "1.0.1",
      "resolved": "https://registry.npmmirror.com/exit-on-epipe/download/exit-on-epipe-1.0.1.tgz",
      "integrity": "sha1-C92S6H1ShdJn2qgXHQ6wYVlolpI="
    },
    "fine-uploader": {
      "version": "5.16.2",
      "resolved": "https://registry.nlark.com/fine-uploader/download/fine-uploader-5.16.2.tgz",
      "integrity": "sha1-DYeNoc0nU/gGg6wJHfXa/5/7jEQ="
    },
    "html2canvas": {
      "version": "1.3.2",
      "resolved": "https://registry.nlark.com/html2canvas/download/html2canvas-1.3.2.tgz",
      "integrity": "sha1-lRzIOIo86Tn9rAITEAfuKBJK/Cc=",
      "requires": {
        "css-line-break": "2.0.1",
        "text-segmentation": "^1.0.2"
      }
    },
    "jquery": {
      "version": "3.6.0",
      "resolved": "https://registry.npmmirror.com/jquery/download/jquery-3.6.0.tgz",
      "integrity": "sha1-xyoJ8Vwb3OFC9J2/EXC9+K2sJHA="
    },
    "js-uploader": {
      "version": "0.3.2-beta",
      "resolved": "https://registry.npmmirror.com/js-uploader/download/js-uploader-0.3.2-beta.tgz",
      "integrity": "sha1-T7/8+vxVoineoKsVJ2wRFRaixM0=",
      "requires": {
        "@aws-crypto/sha256-js": "^1.1.0",
        "@aws-sdk/signature-v4": "^3.5.0",
        "@types/mime": "^2.0.3",
        "mime": "^2.5.2",
        "path-browserify": "^1.0.1",
        "xml2js": "^0.4.23"
      }
    },
    "mime": {
      "version": "2.5.2",
      "resolved": "https://registry.npm.taobao.org/mime/download/mime-2.5.2.tgz?cache=0&sync_timestamp=1615984369368&other_urls=https%3A%2F%2Fregistry.npm.taobao.org%2Fmime%2Fdownload%2Fmime-2.5.2.tgz",
      "integrity": "sha1-bj3GzCuVEGQ4MOXxnVy3U9pe6r4="
    },
    "nora-zmodemjs": {
      "version": "1.1.1",
      "resolved": "https://registry.npmmirror.com/nora-zmodemjs/download/nora-zmodemjs-1.1.1.tgz",
      "integrity": "sha1-C0c8RRDMCkHqkM+NXgbF/oMeiXw=",
      "requires": {
        "crc-32": "^1.1.1"
      }
    },
    "path-browserify": {
      "version": "1.0.1",
      "resolved": "https://registry.npm.taobao.org/path-browserify/download/path-browserify-1.0.1.tgz",
      "integrity": "sha1-2YRUqcN1PVeQhg8W9ohnueRr4f0="
    },
    "popper.js": {
      "version": "1.16.1",
      "resolved": "https://registry.nlark.com/popper.js/download/popper.js-1.16.1.tgz",
      "integrity": "sha1-KiI8s9x7YhPXQOQDcr5A3kPmWxs="
    },
    "printj": {
      "version": "1.1.2",
      "resolved": "https://registry.npmmirror.com/printj/download/printj-1.1.2.tgz",
      "integrity": "sha1-2Q3rKXWoufYA+zoclOP0xTx4oiI="
    },
    "sax": {
      "version": "1.2.4",
      "resolved": "https://registry.npm.taobao.org/sax/download/sax-1.2.4.tgz",
      "integrity": "sha1-KBYjTiN4vdxOU1T6tcqold9xANk="
    },
    "sweetalert2": {
      "version": "11.1.9",
      "resolved": "https://registry.npmmirror.com/sweetalert2/download/sweetalert2-11.1.9.tgz",
      "integrity": "sha1-85SBmBGfqy3nAUzNeEDMSm1nEYU="
    },
    "text-segmentation": {
      "version": "1.0.2",
      "resolved": "https://registry.nlark.com/text-segmentation/download/text-segmentation-1.0.2.tgz",
      "integrity": "sha1-H4KPoUqhAcEU3tG9o1un3MF8mFg=",
      "requires": {
        "utrie": "^1.0.1"
      }
    },
    "tslib": {
      "version": "1.14.1",
      "resolved": "https://registry.nlark.com/tslib/download/tslib-1.14.1.tgz?cache=0&sync_timestamp=1628722580350&other_urls=https%3A%2F%2Fregistry.nlark.com%2Ftslib%2Fdownload%2Ftslib-1.14.1.tgz",
      "integrity": "sha1-zy04vcNKE0vK8QkcQfZhni9nLQA="
    },
    "utrie": {
      "version": "1.0.1",
      "resolved": "https://registry.nlark.com/utrie/download/utrie-1.0.1.tgz",
      "integrity": "sha1-4VUjXry93ImuCSYatudzzmFAGy8=",
      "requires": {
        "base64-arraybuffer": "^1.0.1"
      },
      "dependencies": {
        "base64-arraybuffer": {
          "version": "1.0.1",
          "resolved": "https://registry.nlark.com/base64-arraybuffer/download/base64-arraybuffer-1.0.1.tgz",
          "integrity": "sha1-h70TUlYm20qYOOAKUIwrc+/PNIw="
        }
      }
    },
    "watermarkjs": {
      "version": "2.1.1",
      "resolved": "https://registry.nlark.com/watermarkjs/download/watermarkjs-2.1.1.tgz",
      "integrity": "sha1-7RSq5WtQmTe+TlbzeZgXhuAzVSI="
    },
    "xml2js": {
      "version": "0.4.23",
      "resolved": "https://registry.nlark.com/xml2js/download/xml2js-0.4.23.tgz",
      "integrity": "sha1-oMaVFnUkIesqx1juTUzPWIQ+rGY=",
      "requires": {
        "sax": ">=0.6.0",
        "xmlbuilder": "~11.0.0"
      }
    },
    "xmlbuilder": {
      "version": "11.0.1",
      "resolved": "https://registry.nlark.com/xmlbuilder/download/xmlbuilder-11.0.1.tgz",
      "integrity": "sha1-vpuuHIoEbnazESdyY0fQrXACvrM="
    }
  }
}
