{
  "requires": true,
  "lockfileVersion": 1,
  "dependencies": {
    "xterm": {
      "version": "4.13.0",
      "resolved": "https://registry.npmjs.org/xterm/-/xterm-4.13.0.tgz",
      "integrity": "sha512-HVW1gdoLOTnkMaqQCr2r3mQy4fX9iSa5gWxKZ2UTYdLa4iqavv7QxJ8n1Ypse32shPVkhTYPLS6vHEFZp5ghzw=="
    },
    "xterm-addon-attach": {
      "version": "0.6.0",
      "resolved": "https://registry.npmjs.org/xterm-addon-attach/-/xterm-addon-attach-0.6.0.tgz",
      "integrity": "sha512-Mo8r3HTjI/EZfczVCwRU6jh438B4WLXxdFO86OB7bx0jGhwh2GdF4ifx/rP+OB+Cb2vmLhhVIZ00/7x3YSP3dg=="
    },
    "xterm-addon-fit": {
      "version": "0.5.0",
      "resolved": "https://registry.npmjs.org/xterm-addon-fit/-/xterm-addon-fit-0.5.0.tgz",
      "integrity": "sha512-DsS9fqhXHacEmsPxBJZvfj2la30Iz9xk+UKjhQgnYNkrUIN5CYLbw7WEfz117c7+S86S/tpHPfvNxJsF5/G8wQ=="
    },
    "xterm-addon-search": {
      "version": "0.8.1",
      "resolved": "https://registry.npmjs.org/xterm-addon-search/-/xterm-addon-search-0.8.1.tgz",
      "integrity": "sha512-OtOaC9gxD2Q4ZnjZrCSRZmKLwwUjXX3gP7mIzq8Rs50317DGRDqgTLuHTYv/Nx/LvI5ceVFRYCxK36Ixs1nXNw=="
    },
    "xterm-addon-web-links": {
      "version": "0.4.0",
      "resolved": "https://registry.npmjs.org/xterm-addon-web-links/-/xterm-addon-web-links-0.4.0.tgz",
      "integrity": "sha512-xv8GeiINmx0zENO9hf5k+5bnkaE8mRzF+OBAr9WeFq2eLaQSudioQSiT34M1ofKbzcdjSsKiZm19Rw3i4eXamg=="
    }
  }
}
